
Microsoft Visual Studio Solution File, Format Version 12.00
# Visual Studio Version 16
VisualStudioVersion = 16.0.30711.63
MinimumVisualStudioVersion = 10.0.40219.1
Project("{9A19103F-16F7-4668-BE54-9A1E7A4F7556}") = "TestJenkins", "TestJenkins\TestJenkins.csproj", "{73E847BE-4142-4FD5-A82F-0098541A874E}"
EndProject
Project("{FAE04EC0-301F-11D3-BF4B-00C04F79EFBC}") = "Services", "Services\Services.csproj", "{A75ACAF3-17FD-44FE-8E04-7EA2F2FBB0C7}"
EndProject
Global
	GlobalSection(SolutionConfigurationPlatforms) = preSolution
		Debug|Any CPU = Debug|Any CPU
		Release|Any CPU = Release|Any CPU
	EndGlobalSection
	GlobalSection(ProjectConfigurationPlatforms) = postSolution
		{73E847BE-4142-4FD5-A82F-0098541A874E}.Debug|Any CPU.ActiveCfg = Debug|Any CPU
		{73E847BE-4142-4FD5-A82F-0098541A874E}.Debug|Any CPU.Build.0 = Debug|Any CPU
		{73E847BE-4142-4FD5-A82F-0098541A874E}.Release|Any CPU.ActiveCfg = Release|Any CPU
		{73E847BE-4142-4FD5-A82F-0098541A874E}.Release|Any CPU.Build.0 = Release|Any CPU
		{A75ACAF3-17FD-44FE-8E04-7EA2F2FBB0C7}.Debug|Any CPU.ActiveCfg = Debug|Any CPU
		{A75ACAF3-17FD-44FE-8E04-7EA2F2FBB0C7}.Debug|Any CPU.Build.0 = Debug|Any CPU
		{A75ACAF3-17FD-44FE-8E04-7EA2F2FBB0C7}.Release|Any CPU.ActiveCfg = Release|Any CPU
		{A75ACAF3-17FD-44FE-8E04-7EA2F2FBB0C7}.Release|Any CPU.Build.0 = Release|Any CPU
	EndGlobalSection
	GlobalSection(SolutionProperties) = preSolution
		HideSolutionNode = FALSE
	EndGlobalSection
	GlobalSection(ExtensibilityGlobals) = postSolution
		SolutionGuid = {79024E35-6D44-4596-B957-C0C68FDE5707}
	EndGlobalSection
EndGlobal
